<?xml version="1.0" encoding="utf-8"?>
<Project ToolsVersion="4.0" xmlns="http://schemas.microsoft.com/developer/msbuild/2003">
  <ItemGroup>
    <ClCompile Include="game.cpp" />
    <ClCompile Include="surface.cpp">
      <Filter>template code</Filter>
    </ClCompile>
    <ClCompile Include="template.cpp">
      <Filter>template code</Filter>
    </ClCompile>
    <ClCompile Include="startMenu.cpp">
      <Filter>hill_raider\cpp_files\states</Filter>
    </ClCompile>
    <ClCompile Include="image.cpp">
      <Filter>hill_raider\cpp_files\graphics_objects</Filter>
    </ClCompile>
    <ClCompile Include="animation.cpp">
      <Filter>hill_raider\cpp_files\graphics_objects</Filter>
    </ClCompile>
    <ClCompile Include="inputManager.cpp">
      <Filter>hill_raider\cpp_files\managers</Filter>
    </ClCompile>
    <ClCompile Include="gamePlay.cpp">
      <Filter>hill_raider\cpp_files\states</Filter>
    </ClCompile>
    <ClCompile Include="pauseScreen.cpp">
      <Filter>hill_raider\cpp_files\screens</Filter>
    </ClCompile>
    <ClCompile Include="gameData.cpp">
      <Filter>hill_raider\cpp_files\game_components</Filter>
    </ClCompile>
    <ClCompile Include="player.cpp">
      <Filter>hill_raider\cpp_files\game_components\entities</Filter>
    </ClCompile>
    <ClCompile Include="ui.cpp">
      <Filter>hill_raider\cpp_files\game_components</Filter>
    </ClCompile>
    <ClCompile Include="tileMap.cpp">
      <Filter>hill_raider\cpp_files\game_components</Filter>
    </ClCompile>
    <ClCompile Include="floor.cpp">
      <Filter>hill_raider\cpp_files\game_components</Filter>
    </ClCompile>
    <ClCompile Include="hitbox.cpp">
      <Filter>hill_raider\cpp_files\game_components\physics</Filter>
    </ClCompile>
    <ClCompile Include="entity.cpp">
      <Filter>hill_raider\cpp_files\game_components\entities</Filter>
    </ClCompile>
    <ClCompile Include="aStar.cpp">
      <Filter>hill_raider\cpp_files\game_components\algoritmes\a_star</Filter>
    </ClCompile>
    <ClCompile Include="aStarGrid.cpp">
      <Filter>hill_raider\cpp_files\game_components\algoritmes\a_star</Filter>
    </ClCompile>
    <ClCompile Include="aStarNode.cpp">
      <Filter>hill_raider\cpp_files\game_components\algoritmes\a_star</Filter>
    </ClCompile>
    <ClCompile Include="frameRateManager.cpp">
      <Filter>hill_raider\cpp_files\managers</Filter>
    </ClCompile>
    <ClCompile Include="room.cpp">
      <Filter>hill_raider\cpp_files\game_components\rooms</Filter>
    </ClCompile>
    <ClCompile Include="hallwayVertical1010.cpp">
      <Filter>hill_raider\cpp_files\game_components\rooms</Filter>
    </ClCompile>
    <ClCompile Include="hallwayHorizontal0101.cpp">
      <Filter>hill_raider\cpp_files\game_components\rooms</Filter>
    </ClCompile>
    <ClCompile Include="tSplit1101.cpp">
      <Filter>hill_raider\cpp_files\game_components\rooms</Filter>
    </ClCompile>
    <ClCompile Include="enemyAnt.cpp">
      <Filter>hill_raider\cpp_files\game_components\entities</Filter>
    </ClCompile>
    <ClCompile Include="tSplit1110.cpp">
      <Filter>hill_raider\cpp_files\game_components\rooms</Filter>
    </ClCompile>
    <ClCompile Include="tSplit0111.cpp">
      <Filter>hill_raider\cpp_files\game_components\rooms</Filter>
    </ClCompile>
    <ClCompile Include="tSplit1011.cpp">
      <Filter>hill_raider\cpp_files\game_components\rooms</Filter>
    </ClCompile>
    <ClCompile Include="corner1100.cpp">
      <Filter>hill_raider\cpp_files\game_components\rooms</Filter>
    </ClCompile>
    <ClCompile Include="corner0110.cpp">
      <Filter>hill_raider\cpp_files\game_components\rooms</Filter>
    </ClCompile>
    <ClCompile Include="corner0011.cpp">
      <Filter>hill_raider\cpp_files\game_components\rooms</Filter>
    </ClCompile>
    <ClCompile Include="corner1001.cpp">
      <Filter>hill_raider\cpp_files\game_components\rooms</Filter>
    </ClCompile>
    <ClCompile Include="deadEnd1000.cpp">
      <Filter>hill_raider\cpp_files\game_components\rooms</Filter>
    </ClCompile>
    <ClCompile Include="deadEnd0100.cpp">
      <Filter>hill_raider\cpp_files\game_components\rooms</Filter>
    </ClCompile>
    <ClCompile Include="deadEnd0010.cpp">
      <Filter>hill_raider\cpp_files\game_components\rooms</Filter>
    </ClCompile>
    <ClCompile Include="deadEnd0001.cpp">
      <Filter>hill_raider\cpp_files\game_components\rooms</Filter>
    </ClCompile>
    <ClCompile Include="crossRoad1111.cpp">
      <Filter>hill_raider\cpp_files\game_components\rooms</Filter>
    </ClCompile>
    <ClCompile Include="scoreBoard.cpp">
      <Filter>hill_raider\cpp_files\graphics_objects</Filter>
    </ClCompile>
    <ClCompile Include="foodPointsPickup.cpp">
      <Filter>hill_raider\cpp_files\game_components\entities</Filter>
    </ClCompile>
    <ClCompile Include="lose.cpp">
      <Filter>hill_raider\cpp_files\states</Filter>
    </ClCompile>
    <ClCompile Include="win.cpp">
      <Filter>hill_raider\cpp_files\states</Filter>
    </ClCompile>
    <ClCompile Include="controls.cpp">
      <Filter>hill_raider\cpp_files\states</Filter>
    </ClCompile>
    <ClCompile Include="credits.cpp">
      <Filter>hill_raider\cpp_files\states</Filter>
    </ClCompile>
    <ClCompile Include="artCreditsScreen.cpp">
      <Filter>hill_raider\cpp_files\screens</Filter>
    </ClCompile>
    <ClCompile Include="fontCreditsScreen.cpp">
      <Filter>hill_raider\cpp_files\screens</Filter>
    </ClCompile>
    <ClCompile Include="programmingCreditsScreen.cpp">
      <Filter>hill_raider\cpp_files\screens</Filter>
    </ClCompile>
  </ItemGroup>
  <ItemGroup>
    <ClInclude Include="game.h" />
    <ClInclude Include="surface.h">
      <Filter>template code</Filter>
    </ClInclude>
    <ClInclude Include="template.h">
      <Filter>template code</Filter>
    </ClInclude>
    <ClInclude Include="state.h">
      <Filter>hill_raider\header_files\states</Filter>
    </ClInclude>
    <ClInclude Include="startMenu.h">
      <Filter>hill_raider\header_files\states</Filter>
    </ClInclude>
    <ClInclude Include="image.h">
      <Filter>hill_raider\header_files\graphics_objects</Filter>
    </ClInclude>
    <ClInclude Include="animation.h">
      <Filter>hill_raider\header_files\graphics_objects</Filter>
    </ClInclude>
    <ClInclude Include="inputManager.h">
      <Filter>hill_raider\header_files\managers</Filter>
    </ClInclude>
    <ClInclude Include="gameplay.h">
      <Filter>hill_raider\header_files\states</Filter>
    </ClInclude>
    <ClInclude Include="pauseScreen.h">
      <Filter>hill_raider\header_files\screens</Filter>
    </ClInclude>
    <ClInclude Include="gameData.h">
      <Filter>hill_raider\header_files\game_components</Filter>
    </ClInclude>
    <ClInclude Include="player.h">
      <Filter>hill_raider\header_files\game_components\entities</Filter>
    </ClInclude>
    <ClInclude Include="ui.h">
      <Filter>hill_raider\header_files\game_components</Filter>
    </ClInclude>
    <ClInclude Include="tileMap.h">
      <Filter>hill_raider\header_files\game_components</Filter>
    </ClInclude>
    <ClInclude Include="floor.h">
      <Filter>hill_raider\header_files\game_components</Filter>
    </ClInclude>
    <ClInclude Include="hitbox.h">
      <Filter>hill_raider\header_files\game_components\physics</Filter>
    </ClInclude>
    <ClInclude Include="entity.h">
      <Filter>hill_raider\header_files\game_components\entities</Filter>
    </ClInclude>
    <ClInclude Include="aStar.h">
      <Filter>hill_raider\header_files\game_components\algoritmes\a_star</Filter>
    </ClInclude>
    <ClInclude Include="aStarGrid.h">
      <Filter>hill_raider\header_files\game_components\algoritmes\a_star</Filter>
    </ClInclude>
    <ClInclude Include="aStarNode.h">
      <Filter>hill_raider\header_files\game_components\algoritmes\a_star</Filter>
    </ClInclude>
    <ClInclude Include="frameRateManager.h">
      <Filter>hill_raider\header_files\managers</Filter>
    </ClInclude>
    <ClInclude Include="room.h">
      <Filter>hill_raider\header_files\game_components\rooms</Filter>
    </ClInclude>
    <ClInclude Include="hallwayVertical1010.h">
      <Filter>hill_raider\header_files\game_components\rooms</Filter>
    </ClInclude>
    <ClInclude Include="hallwayHorizontal0101.h">
      <Filter>hill_raider\header_files\game_components\rooms</Filter>
    </ClInclude>
    <ClInclude Include="tSplit1101.h">
      <Filter>hill_raider\header_files\game_components\rooms</Filter>
    </ClInclude>
    <ClInclude Include="enemyAnt.h">
      <Filter>hill_raider\header_files\game_components\entities</Filter>
    </ClInclude>
    <ClInclude Include="tSplit1110.h">
      <Filter>hill_raider\header_files\game_components\rooms</Filter>
    </ClInclude>
    <ClInclude Include="tSplit0111.h">
      <Filter>hill_raider\header_files\game_components\rooms</Filter>
    </ClInclude>
    <ClInclude Include="tSplit1011.h">
      <Filter>hill_raider\header_files\game_components\rooms</Filter>
    </ClInclude>
    <ClInclude Include="corner1100.h">
      <Filter>hill_raider\header_files\game_components\rooms</Filter>
    </ClInclude>
    <ClInclude Include="corner0110.h">
      <Filter>hill_raider\header_files\game_components\rooms</Filter>
    </ClInclude>
    <ClInclude Include="corner0011.h">
      <Filter>hill_raider\header_files\game_components\rooms</Filter>
    </ClInclude>
    <ClInclude Include="corner1001.h">
      <Filter>hill_raider\header_files\game_components\rooms</Filter>
    </ClInclude>
    <ClInclude Include="deadEnd1000.h">
      <Filter>hill_raider\header_files\game_components\rooms</Filter>
    </ClInclude>
    <ClInclude Include="deadEnd0100.h">
      <Filter>hill_raider\header_files\game_components\rooms</Filter>
    </ClInclude>
    <ClInclude Include="deadEnd0010.h">
      <Filter>hill_raider\header_files\game_components\rooms</Filter>
    </ClInclude>
    <ClInclude Include="deadEnd0001.h">
      <Filter>hill_raider\header_files\game_components\rooms</Filter>
    </ClInclude>
    <ClInclude Include="crossRoad1111.h">
      <Filter>hill_raider\header_files\game_components\rooms</Filter>
    </ClInclude>
    <ClInclude Include="scoreBoard.h">
      <Filter>hill_raider\header_files\graphics_objects</Filter>
    </ClInclude>
    <ClInclude Include="foodPointsPickup.h">
      <Filter>hill_raider\header_files\game_components\entities</Filter>
    </ClInclude>
    <ClInclude Include="lose.h">
      <Filter>hill_raider\header_files\states</Filter>
    </ClInclude>
    <ClInclude Include="win.h">
      <Filter>hill_raider\header_files\states</Filter>
    </ClInclude>
    <ClInclude Include="controls.h">
      <Filter>hill_raider\header_files\states</Filter>
    </ClInclude>
    <ClInclude Include="credits.h">
      <Filter>hill_raider\header_files\states</Filter>
    </ClInclude>
    <ClInclude Include="artCreditsScreen.h">
      <Filter>hill_raider\header_files\screens</Filter>
    </ClInclude>
    <ClInclude Include="fontCreditsScreen.h">
      <Filter>hill_raider\header_files\screens</Filter>
    </ClInclude>
    <ClInclude Include="programmingCreditsScreen.h">
      <Filter>hill_raider\header_files\screens</Filter>
    </ClInclude>
    <ClInclude Include="gameCallback.h">
      <Filter>hill_raider\header_files\callbacks</Filter>
    </ClInclude>
    <ClInclude Include="roomCallback.h">
      <Filter>hill_raider\header_files\callbacks</Filter>
    </ClInclude>
    <ClInclude Include="gameplayCallback.h">
      <Filter>hill_raider\header_files\callbacks</Filter>
    </ClInclude>
    <ClInclude Include="direction.h">
      <Filter>hill_raider\header_files\enums</Filter>
    </ClInclude>
    <ClInclude Include="keyBinding.h">
      <Filter>hill_raider\header_files\enums</Filter>
    </ClInclude>
  </ItemGroup>
  <ItemGroup>
    <Filter Include="template code">
      <UniqueIdentifier>{bf32dd6e-4be7-4889-8ac6-49e7ee163c40}</UniqueIdentifier>
    </Filter>
    <Filter Include="hill_raider">
      <UniqueIdentifier>{802bdb65-e4ce-4855-bc49-13a3b1aa5485}</UniqueIdentifier>
    </Filter>
    <Filter Include="hill_raider\header_files">
      <UniqueIdentifier>{e6cfcbe0-56fe-4239-93ac-366119d7354c}</UniqueIdentifier>
    </Filter>
    <Filter Include="hill_raider\header_files\states">
      <UniqueIdentifier>{f285019d-01ec-4fda-aadc-3c88d75f160f}</UniqueIdentifier>
    </Filter>
    <Filter Include="hill_raider\header_files\graphics_objects">
      <UniqueIdentifier>{96e59b71-33a2-474b-bbb3-bcdee7de7420}</UniqueIdentifier>
    </Filter>
    <Filter Include="hill_raider\header_files\managers">
      <UniqueIdentifier>{18657ea2-b1df-45dd-bee9-edc69a5b7060}</UniqueIdentifier>
    </Filter>
    <Filter Include="hill_raider\header_files\game_components">
      <UniqueIdentifier>{d21b1384-2acc-487b-b51e-3b052840794e}</UniqueIdentifier>
    </Filter>
    <Filter Include="hill_raider\header_files\game_components\entities">
      <UniqueIdentifier>{2e3af917-0025-40ef-92dc-8cda04d04332}</UniqueIdentifier>
    </Filter>
    <Filter Include="hill_raider\header_files\game_components\physics">
      <UniqueIdentifier>{b41ca808-a521-4478-8c4c-88d8e2c6ed10}</UniqueIdentifier>
    </Filter>
    <Filter Include="hill_raider\header_files\game_components\algoritmes">
      <UniqueIdentifier>{1602a18b-d66d-43ac-b030-9c1b6acb6b34}</UniqueIdentifier>
    </Filter>
    <Filter Include="hill_raider\cpp_files">
      <UniqueIdentifier>{3759f279-8d26-47b4-b725-ccb9f66173bc}</UniqueIdentifier>
    </Filter>
    <Filter Include="hill_raider\cpp_files\states">
      <UniqueIdentifier>{656395b4-ce12-46f7-9168-742950d865c2}</UniqueIdentifier>
    </Filter>
    <Filter Include="hill_raider\cpp_files\graphics_objects">
      <UniqueIdentifier>{a0ea5239-dbfc-43b8-9e1e-7d02418f8e00}</UniqueIdentifier>
    </Filter>
    <Filter Include="hill_raider\cpp_files\managers">
      <UniqueIdentifier>{c5cb0ec4-51b4-4b64-85fa-80ad609abb6d}</UniqueIdentifier>
    </Filter>
    <Filter Include="hill_raider\cpp_files\game_components">
      <UniqueIdentifier>{f325dc8d-dca6-4dc1-a354-2e65dbd11d9f}</UniqueIdentifier>
    </Filter>
    <Filter Include="hill_raider\cpp_files\game_components\entities">
      <UniqueIdentifier>{080542ac-91d4-426c-9bd1-7b113e11ac42}</UniqueIdentifier>
    </Filter>
    <Filter Include="hill_raider\cpp_files\game_components\physics">
      <UniqueIdentifier>{a7f8964d-e2c2-456b-ab37-08a5c6fb3120}</UniqueIdentifier>
    </Filter>
    <Filter Include="hill_raider\cpp_files\game_components\algoritmes">
      <UniqueIdentifier>{7e28bbd2-6e16-40af-a9fa-408c2ab44858}</UniqueIdentifier>
    </Filter>
    <Filter Include="hill_raider\cpp_files\game_components\algoritmes\a_star">
      <UniqueIdentifier>{90ac2ba4-9dde-4e4e-ac9b-3e5b24df0de4}</UniqueIdentifier>
    </Filter>
    <Filter Include="hill_raider\header_files\game_components\algoritmes\a_star">
      <UniqueIdentifier>{540682df-a136-4849-bd6b-564deaba63aa}</UniqueIdentifier>
    </Filter>
    <Filter Include="hill_raider\cpp_files\game_components\rooms">
      <UniqueIdentifier>{fb0eb3b3-2420-4825-b782-001a34f509e1}</UniqueIdentifier>
    </Filter>
    <Filter Include="hill_raider\header_files\game_components\rooms">
      <UniqueIdentifier>{5a093a6d-fe87-4680-acb8-c84ed6074fec}</UniqueIdentifier>
    </Filter>
    <Filter Include="hill_raider\cpp_files\screens">
      <UniqueIdentifier>{8ed0514a-d6f1-4800-9038-706c5e48eb30}</UniqueIdentifier>
    </Filter>
    <Filter Include="hill_raider\header_files\screens">
      <UniqueIdentifier>{4ae28eb4-f73a-43cc-b174-e6c8b3fe8982}</UniqueIdentifier>
    </Filter>
    <Filter Include="hill_raider\header_files\callbacks">
      <UniqueIdentifier>{e688194e-4b7d-4aa5-aa74-a049cd2c6968}</UniqueIdentifier>
    </Filter>
    <Filter Include="hill_raider\header_files\enums">
      <UniqueIdentifier>{ac6b5453-16fd-4ee0-a8a9-73e9402f2d4a}</UniqueIdentifier>
    </Filter>
  </ItemGroup>
  <ItemGroup>
    <Text Include="_readme.txt">
      <Filter>template code</Filter>
    </Text>
  </ItemGroup>
</Project>