<?xml version="1.0" encoding="utf-8"?>
<Project ToolsVersion="4.0" xmlns="http://schemas.microsoft.com/developer/msbuild/2003">
  <ItemGroup>
    <ClCompile Include="game.cpp" />
    <ClCompile Include="surface.cpp">
      <Filter>template code</Filter>
    </ClCompile>
    <ClCompile Include="template.cpp">
      <Filter>template code</Filter>
    </ClCompile>
    <ClCompile Include="StartMenu.cpp">
      <Filter>down_below\cpp_files\states</Filter>
    </ClCompile>
    <ClCompile Include="Image.cpp">
      <Filter>down_below\cpp_files\graphics_objects</Filter>
    </ClCompile>
    <ClCompile Include="Animation.cpp">
      <Filter>down_below\cpp_files\graphics_objects</Filter>
    </ClCompile>
    <ClCompile Include="InputManager.cpp">
      <Filter>down_below\cpp_files\managers</Filter>
    </ClCompile>
    <ClCompile Include="GamePlay.cpp">
      <Filter>down_below\cpp_files\states</Filter>
    </ClCompile>
    <ClCompile Include="PauseScreen.cpp">
      <Filter>down_below\cpp_files\game_components\screens</Filter>
    </ClCompile>
    <ClCompile Include="GameData.cpp">
      <Filter>down_below\cpp_files\game_components</Filter>
    </ClCompile>
  </ItemGroup>
  <ItemGroup>
    <ClInclude Include="game.h" />
    <ClInclude Include="surface.h">
      <Filter>template code</Filter>
    </ClInclude>
    <ClInclude Include="template.h">
      <Filter>template code</Filter>
    </ClInclude>
    <ClInclude Include="State.h">
      <Filter>down_below\header_files\states</Filter>
    </ClInclude>
    <ClInclude Include="StartMenu.h">
      <Filter>down_below\header_files\states</Filter>
    </ClInclude>
    <ClInclude Include="Image.h">
      <Filter>down_below\header_files\graphics_objects</Filter>
    </ClInclude>
    <ClInclude Include="Animation.h">
      <Filter>down_below\header_files\graphics_objects</Filter>
    </ClInclude>
    <ClInclude Include="StateCallback.h">
      <Filter>down_below\cpp_files\states</Filter>
    </ClInclude>
    <ClInclude Include="InputManager.h">
      <Filter>down_below\header_files\managers</Filter>
    </ClInclude>
    <ClInclude Include="GamePlay.h">
      <Filter>down_below\header_files\states</Filter>
    </ClInclude>
    <ClInclude Include="PauseScreen.h">
      <Filter>down_below\header_files\game_components\screens</Filter>
    </ClInclude>
    <ClInclude Include="GameData.h">
      <Filter>down_below\header_files\game_components</Filter>
    </ClInclude>
  </ItemGroup>
  <ItemGroup>
    <Filter Include="template code">
      <UniqueIdentifier>{bf32dd6e-4be7-4889-8ac6-49e7ee163c40}</UniqueIdentifier>
    </Filter>
    <Filter Include="down_below">
      <UniqueIdentifier>{802bdb65-e4ce-4855-bc49-13a3b1aa5485}</UniqueIdentifier>
    </Filter>
    <Filter Include="down_below\header_files">
      <UniqueIdentifier>{e6cfcbe0-56fe-4239-93ac-366119d7354c}</UniqueIdentifier>
    </Filter>
    <Filter Include="down_below\cpp_files">
      <UniqueIdentifier>{3759f279-8d26-47b4-b725-ccb9f66173bc}</UniqueIdentifier>
    </Filter>
    <Filter Include="down_below\header_files\states">
      <UniqueIdentifier>{f285019d-01ec-4fda-aadc-3c88d75f160f}</UniqueIdentifier>
    </Filter>
    <Filter Include="down_below\cpp_files\states">
      <UniqueIdentifier>{656395b4-ce12-46f7-9168-742950d865c2}</UniqueIdentifier>
    </Filter>
    <Filter Include="down_below\header_files\graphics_objects">
      <UniqueIdentifier>{96e59b71-33a2-474b-bbb3-bcdee7de7420}</UniqueIdentifier>
    </Filter>
    <Filter Include="down_below\cpp_files\graphics_objects">
      <UniqueIdentifier>{a0ea5239-dbfc-43b8-9e1e-7d02418f8e00}</UniqueIdentifier>
    </Filter>
    <Filter Include="down_below\cpp_files\managers">
      <UniqueIdentifier>{c5cb0ec4-51b4-4b64-85fa-80ad609abb6d}</UniqueIdentifier>
    </Filter>
    <Filter Include="down_below\header_files\managers">
      <UniqueIdentifier>{18657ea2-b1df-45dd-bee9-edc69a5b7060}</UniqueIdentifier>
    </Filter>
    <Filter Include="down_below\cpp_files\game_components">
      <UniqueIdentifier>{f325dc8d-dca6-4dc1-a354-2e65dbd11d9f}</UniqueIdentifier>
    </Filter>
    <Filter Include="down_below\header_files\game_components">
      <UniqueIdentifier>{d21b1384-2acc-487b-b51e-3b052840794e}</UniqueIdentifier>
    </Filter>
    <Filter Include="down_below\cpp_files\game_components\screens">
      <UniqueIdentifier>{8ed0514a-d6f1-4800-9038-706c5e48eb30}</UniqueIdentifier>
    </Filter>
    <Filter Include="down_below\header_files\game_components\screens">
      <UniqueIdentifier>{4ae28eb4-f73a-43cc-b174-e6c8b3fe8982}</UniqueIdentifier>
    </Filter>
  </ItemGroup>
  <ItemGroup>
    <Text Include="_readme.txt">
      <Filter>template code</Filter>
    </Text>
  </ItemGroup>
</Project>